// !$*UTF8*$!
{
	archiveVersion = 1;
	classes = {
	};
	objectVersion = 46;
	objects = {

/* Begin PBXBuildFile section */
		42B0B6C41ADDA23700F4EE47 /* DataManager.swift in Sources */ = {isa = PBXBuildFile; fileRef = 42B0B6C31ADDA23700F4EE47 /* DataManager.swift */; };
		42EAF1321ADD7BC70030E0E0 /* AppDelegate.swift in Sources */ = {isa = PBXBuildFile; fileRef = 42EAF1311ADD7BC70030E0E0 /* AppDelegate.swift */; };
		42EAF1341ADD7BC70030E0E0 /* WardrobeViewController.swift in Sources */ = {isa = PBXBuildFile; fileRef = 42EAF1331ADD7BC70030E0E0 /* WardrobeViewController.swift */; };
		42EAF1361ADD7BC70030E0E0 /* LaundryViewController.swift in Sources */ = {isa = PBXBuildFile; fileRef = 42EAF1351ADD7BC70030E0E0 /* LaundryViewController.swift */; };
		42EAF1391ADD7BC70030E0E0 /* Main.storyboard in Resources */ = {isa = PBXBuildFile; fileRef = 42EAF1371ADD7BC70030E0E0 /* Main.storyboard */; };
		42EAF13B1ADD7BC70030E0E0 /* Images.xcassets in Resources */ = {isa = PBXBuildFile; fileRef = 42EAF13A1ADD7BC70030E0E0 /* Images.xcassets */; };
		42EAF13E1ADD7BC70030E0E0 /* LaunchScreen.xib in Resources */ = {isa = PBXBuildFile; fileRef = 42EAF13C1ADD7BC70030E0E0 /* LaunchScreen.xib */; };
		42EAF14A1ADD7BC70030E0E0 /* iSujaTests.swift in Sources */ = {isa = PBXBuildFile; fileRef = 42EAF1491ADD7BC70030E0E0 /* iSujaTests.swift */; };
		5562A49A1ADEE50C00D4EBBF /* InsertViewController.swift in Sources */ = {isa = PBXBuildFile; fileRef = 5562A4991ADEE50C00D4EBBF /* InsertViewController.swift */; };
		F517A2F91ADEE831003B88DF /* Cloth.swift in Sources */ = {isa = PBXBuildFile; fileRef = F517A2F81ADEE831003B88DF /* Cloth.swift */; };
		F517A2FB1ADEE849003B88DF /* WardrobeCell.swift in Sources */ = {isa = PBXBuildFile; fileRef = F517A2FA1ADEE849003B88DF /* WardrobeCell.swift */; };
/* End PBXBuildFile section */

/* Begin PBXContainerItemProxy section */
		42EAF1441ADD7BC70030E0E0 /* PBXContainerItemProxy */ = {
			isa = PBXContainerItemProxy;
			containerPortal = 42EAF1241ADD7BC70030E0E0 /* Project object */;
			proxyType = 1;
			remoteGlobalIDString = 42EAF12B1ADD7BC70030E0E0;
			remoteInfo = iSuja;
		};
/* End PBXContainerItemProxy section */

/* Begin PBXFileReference section */
		42B0B6C31ADDA23700F4EE47 /* DataManager.swift */ = {isa = PBXFileReference; fileEncoding = 4; lastKnownFileType = sourcecode.swift; name = DataManager.swift; path = ../DataManager.swift; sourceTree = "<group>"; };
		42EAF12C1ADD7BC70030E0E0 /* iSuja.app */ = {isa = PBXFileReference; explicitFileType = wrapper.application; includeInIndex = 0; path = iSuja.app; sourceTree = BUILT_PRODUCTS_DIR; };
		42EAF1301ADD7BC70030E0E0 /* Info.plist */ = {isa = PBXFileReference; lastKnownFileType = text.plist.xml; path = Info.plist; sourceTree = "<group>"; };
		42EAF1311ADD7BC70030E0E0 /* AppDelegate.swift */ = {isa = PBXFileReference; lastKnownFileType = sourcecode.swift; path = AppDelegate.swift; sourceTree = "<group>"; };
		42EAF1331ADD7BC70030E0E0 /* WardrobeViewController.swift */ = {isa = PBXFileReference; lastKnownFileType = sourcecode.swift; path = WardrobeViewController.swift; sourceTree = "<group>"; };
		42EAF1351ADD7BC70030E0E0 /* LaundryViewController.swift */ = {isa = PBXFileReference; lastKnownFileType = sourcecode.swift; path = LaundryViewController.swift; sourceTree = "<group>"; };
		42EAF1381ADD7BC70030E0E0 /* Base */ = {isa = PBXFileReference; lastKnownFileType = file.storyboard; name = Base; path = Base.lproj/Main.storyboard; sourceTree = "<group>"; };
		42EAF13A1ADD7BC70030E0E0 /* Images.xcassets */ = {isa = PBXFileReference; lastKnownFileType = folder.assetcatalog; path = Images.xcassets; sourceTree = "<group>"; };
		42EAF13D1ADD7BC70030E0E0 /* Base */ = {isa = PBXFileReference; lastKnownFileType = file.xib; name = Base; path = Base.lproj/LaunchScreen.xib; sourceTree = "<group>"; };
		42EAF1431ADD7BC70030E0E0 /* iSujaTests.xctest */ = {isa = PBXFileReference; explicitFileType = wrapper.cfbundle; includeInIndex = 0; path = iSujaTests.xctest; sourceTree = BUILT_PRODUCTS_DIR; };
		42EAF1481ADD7BC70030E0E0 /* Info.plist */ = {isa = PBXFileReference; lastKnownFileType = text.plist.xml; path = Info.plist; sourceTree = "<group>"; };
		42EAF1491ADD7BC70030E0E0 /* iSujaTests.swift */ = {isa = PBXFileReference; lastKnownFileType = sourcecode.swift; path = iSujaTests.swift; sourceTree = "<group>"; };
		5562A4991ADEE50C00D4EBBF /* InsertViewController.swift */ = {isa = PBXFileReference; fileEncoding = 4; lastKnownFileType = sourcecode.swift; name = InsertViewController.swift; path = ../InsertViewController.swift; sourceTree = "<group>"; };
		F517A2F81ADEE831003B88DF /* Cloth.swift */ = {isa = PBXFileReference; fileEncoding = 4; lastKnownFileType = sourcecode.swift; path = Cloth.swift; sourceTree = "<group>"; };
		F517A2FA1ADEE849003B88DF /* WardrobeCell.swift */ = {isa = PBXFileReference; fileEncoding = 4; lastKnownFileType = sourcecode.swift; path = WardrobeCell.swift; sourceTree = "<group>"; };
/* End PBXFileReference section */

/* Begin PBXFrameworksBuildPhase section */
		42EAF1291ADD7BC70030E0E0 /* Frameworks */ = {
			isa = PBXFrameworksBuildPhase;
			buildActionMask = 2147483647;
			files = (
			);
			runOnlyForDeploymentPostprocessing = 0;
		};
		42EAF1401ADD7BC70030E0E0 /* Frameworks */ = {
			isa = PBXFrameworksBuildPhase;
			buildActionMask = 2147483647;
			files = (
			);
			runOnlyForDeploymentPostprocessing = 0;
		};
/* End PBXFrameworksBuildPhase section */

/* Begin PBXGroup section */
		42EAF1231ADD7BC70030E0E0 = {
			isa = PBXGroup;
			children = (
				42EAF12E1ADD7BC70030E0E0 /* iSuja */,
				42EAF1461ADD7BC70030E0E0 /* iSujaTests */,
				42EAF12D1ADD7BC70030E0E0 /* Products */,
			);
			sourceTree = "<group>";
		};
		42EAF12D1ADD7BC70030E0E0 /* Products */ = {
			isa = PBXGroup;
			children = (
				42EAF12C1ADD7BC70030E0E0 /* iSuja.app */,
				42EAF1431ADD7BC70030E0E0 /* iSujaTests.xctest */,
			);
			name = Products;
			sourceTree = "<group>";
		};
		42EAF12E1ADD7BC70030E0E0 /* iSuja */ = {
			isa = PBXGroup;
			children = (
				F517A2FA1ADEE849003B88DF /* WardrobeCell.swift */,
				F517A2F81ADEE831003B88DF /* Cloth.swift */,
				42B0B6C31ADDA23700F4EE47 /* DataManager.swift */,
				42EAF1311ADD7BC70030E0E0 /* AppDelegate.swift */,
				42EAF1331ADD7BC70030E0E0 /* WardrobeViewController.swift */,
				42EAF1351ADD7BC70030E0E0 /* LaundryViewController.swift */,
				5562A4991ADEE50C00D4EBBF /* InsertViewController.swift */,
				42EAF1371ADD7BC70030E0E0 /* Main.storyboard */,
				42EAF13A1ADD7BC70030E0E0 /* Images.xcassets */,
				42EAF13C1ADD7BC70030E0E0 /* LaunchScreen.xib */,
				42EAF12F1ADD7BC70030E0E0 /* Supporting Files */,
			);
			path = iSuja;
			sourceTree = "<group>";
		};
		42EAF12F1ADD7BC70030E0E0 /* Supporting Files */ = {
			isa = PBXGroup;
			children = (
				42EAF1301ADD7BC70030E0E0 /* Info.plist */,
			);
			name = "Supporting Files";
			sourceTree = "<group>";
		};
		42EAF1461ADD7BC70030E0E0 /* iSujaTests */ = {
			isa = PBXGroup;
			children = (
				42EAF1491ADD7BC70030E0E0 /* iSujaTests.swift */,
				42EAF1471ADD7BC70030E0E0 /* Supporting Files */,
			);
			path = iSujaTests;
			sourceTree = "<group>";
		};
		42EAF1471ADD7BC70030E0E0 /* Supporting Files */ = {
			isa = PBXGroup;
			children = (
				42EAF1481ADD7BC70030E0E0 /* Info.plist */,
			);
			name = "Supporting Files";
			sourceTree = "<group>";
		};
/* End PBXGroup section */

/* Begin PBXNativeTarget section */
		42EAF12B1ADD7BC70030E0E0 /* iSuja */ = {
			isa = PBXNativeTarget;
			buildConfigurationList = 42EAF14D1ADD7BC70030E0E0 /* Build configuration list for PBXNativeTarget "iSuja" */;
			buildPhases = (
				42EAF1281ADD7BC70030E0E0 /* Sources */,
				42EAF1291ADD7BC70030E0E0 /* Frameworks */,
				42EAF12A1ADD7BC70030E0E0 /* Resources */,
			);
			buildRules = (
			);
			dependencies = (
			);
			name = iSuja;
			productName = iSuja;
			productReference = 42EAF12C1ADD7BC70030E0E0 /* iSuja.app */;
			productType = "com.apple.product-type.application";
		};
		42EAF1421ADD7BC70030E0E0 /* iSujaTests */ = {
			isa = PBXNativeTarget;
			buildConfigurationList = 42EAF1501ADD7BC70030E0E0 /* Build configuration list for PBXNativeTarget "iSujaTests" */;
			buildPhases = (
				42EAF13F1ADD7BC70030E0E0 /* Sources */,
				42EAF1401ADD7BC70030E0E0 /* Frameworks */,
				42EAF1411ADD7BC70030E0E0 /* Resources */,
			);
			buildRules = (
			);
			dependencies = (
				42EAF1451ADD7BC70030E0E0 /* PBXTargetDependency */,
			);
			name = iSujaTests;
			productName = iSujaTests;
			productReference = 42EAF1431ADD7BC70030E0E0 /* iSujaTests.xctest */;
			productType = "com.apple.product-type.bundle.unit-test";
		};
/* End PBXNativeTarget section */

/* Begin PBXProject section */
		42EAF1241ADD7BC70030E0E0 /* Project object */ = {
			isa = PBXProject;
			attributes = {
				LastUpgradeCheck = 0630;
				ORGANIZATIONNAME = "Grupo dos Bom";
				TargetAttributes = {
					42EAF12B1ADD7BC70030E0E0 = {
						CreatedOnToolsVersion = 6.3;
					};
					42EAF1421ADD7BC70030E0E0 = {
						CreatedOnToolsVersion = 6.3;
						TestTargetID = 42EAF12B1ADD7BC70030E0E0;
					};
				};
			};
			buildConfigurationList = 42EAF1271ADD7BC70030E0E0 /* Build configuration list for PBXProject "iSuja" */;
			compatibilityVersion = "Xcode 3.2";
			developmentRegion = English;
			hasScannedForEncodings = 0;
			knownRegions = (
				en,
				Base,
			);
			mainGroup = 42EAF1231ADD7BC70030E0E0;
			productRefGroup = 42EAF12D1ADD7BC70030E0E0 /* Products */;
			projectDirPath = "";
			projectRoot = "";
			targets = (
				42EAF12B1ADD7BC70030E0E0 /* iSuja */,
				42EAF1421ADD7BC70030E0E0 /* iSujaTests */,
			);
		};
/* End PBXProject section */

/* Begin PBXResourcesBuildPhase section */
		42EAF12A1ADD7BC70030E0E0 /* Resources */ = {
			isa = PBXResourcesBuildPhase;
			buildActionMask = 2147483647;
			files = (
				42EAF1391ADD7BC70030E0E0 /* Main.storyboard in Resources */,
				42EAF13E1ADD7BC70030E0E0 /* LaunchScreen.xib in Resources */,
				42EAF13B1ADD7BC70030E0E0 /* Images.xcassets in Resources */,
			);
			runOnlyForDeploymentPostprocessing = 0;
		};
		42EAF1411ADD7BC70030E0E0 /* Resources */ = {
			isa = PBXResourcesBuildPhase;
			buildActionMask = 2147483647;
			files = (
			);
			runOnlyForDeploymentPostprocessing = 0;
		};
/* End PBXResourcesBuildPhase section */

/* Begin PBXSourcesBuildPhase section */
		42EAF1281ADD7BC70030E0E0 /* Sources */ = {
			isa = PBXSourcesBuildPhase;
			buildActionMask = 2147483647;
			files = (
				42EAF1361ADD7BC70030E0E0 /* LaundryViewController.swift in Sources */,
				42B0B6C41ADDA23700F4EE47 /* DataManager.swift in Sources */,
				42EAF1321ADD7BC70030E0E0 /* AppDelegate.swift in Sources */,
				5562A49A1ADEE50C00D4EBBF /* InsertViewController.swift in Sources */,
				F517A2F91ADEE831003B88DF /* Cloth.swift in Sources */,
				F517A2FB1ADEE849003B88DF /* WardrobeCell.swift in Sources */,
				42EAF1341ADD7BC70030E0E0 /* WardrobeViewController.swift in Sources */,
			);
			runOnlyForDeploymentPostprocessing = 0;
		};
		42EAF13F1ADD7BC70030E0E0 /* Sources */ = {
			isa = PBXSourcesBuildPhase;
			buildActionMask = 2147483647;
			files = (
				42EAF14A1ADD7BC70030E0E0 /* iSujaTests.swift in Sources */,
			);
			runOnlyForDeploymentPostprocessing = 0;
		};
/* End PBXSourcesBuildPhase section */

/* Begin PBXTargetDependency section */
		42EAF1451ADD7BC70030E0E0 /* PBXTargetDependency */ = {
			isa = PBXTargetDependency;
			target = 42EAF12B1ADD7BC70030E0E0 /* iSuja */;
			targetProxy = 42EAF1441ADD7BC70030E0E0 /* PBXContainerItemProxy */;
		};
/* End PBXTargetDependency section */

/* Begin PBXVariantGroup section */
		42EAF1371ADD7BC70030E0E0 /* Main.storyboard */ = {
			isa = PBXVariantGroup;
			children = (
				42EAF1381ADD7BC70030E0E0 /* Base */,
			);
			name = Main.storyboard;
			sourceTree = "<group>";
		};
		42EAF13C1ADD7BC70030E0E0 /* LaunchScreen.xib */ = {
			isa = PBXVariantGroup;
			children = (
				42EAF13D1ADD7BC70030E0E0 /* Base */,
			);
			name = LaunchScreen.xib;
			sourceTree = "<group>";
		};
/* End PBXVariantGroup section */

/* Begin XCBuildConfiguration section */
		42EAF14B1ADD7BC70030E0E0 /* Debug */ = {
			isa = XCBuildConfiguration;
			buildSettings = {
				ALWAYS_SEARCH_USER_PATHS = NO;
				CLANG_CXX_LANGUAGE_STANDARD = "gnu++0x";
				CLANG_CXX_LIBRARY = "libc++";
				CLANG_ENABLE_MODULES = YES;
				CLANG_ENABLE_OBJC_ARC = YES;
				CLANG_WARN_BOOL_CONVERSION = YES;
				CLANG_WARN_CONSTANT_CONVERSION = YES;
				CLANG_WARN_DIRECT_OBJC_ISA_USAGE = YES_ERROR;
				CLANG_WARN_EMPTY_BODY = YES;
				CLANG_WARN_ENUM_CONVERSION = YES;
				CLANG_WARN_INT_CONVERSION = YES;
				CLANG_WARN_OBJC_ROOT_CLASS = YES_ERROR;
				CLANG_WARN_UNREACHABLE_CODE = YES;
				CLANG_WARN__DUPLICATE_METHOD_MATCH = YES;
				"CODE_SIGN_IDENTITY[sdk=iphoneos*]" = "iPhone Developer";
				COPY_PHASE_STRIP = NO;
				DEBUG_INFORMATION_FORMAT = "dwarf-with-dsym";
				ENABLE_STRICT_OBJC_MSGSEND = YES;
				GCC_C_LANGUAGE_STANDARD = gnu99;
				GCC_DYNAMIC_NO_PIC = NO;
				GCC_NO_COMMON_BLOCKS = YES;
				GCC_OPTIMIZATION_LEVEL = 0;
				GCC_PREPROCESSOR_DEFINITIONS = (
					"DEBUG=1",
					"$(inherited)",
				);
				GCC_SYMBOLS_PRIVATE_EXTERN = NO;
				GCC_WARN_64_TO_32_BIT_CONVERSION = YES;
				GCC_WARN_ABOUT_RETURN_TYPE = YES_ERROR;
				GCC_WARN_UNDECLARED_SELECTOR = YES;
				GCC_WARN_UNINITIALIZED_AUTOS = YES_AGGRESSIVE;
				GCC_WARN_UNUSED_FUNCTION = YES;
				GCC_WARN_UNUSED_VARIABLE = YES;
				IPHONEOS_DEPLOYMENT_TARGET = 8.3;
				MTL_ENABLE_DEBUG_INFO = YES;
				ONLY_ACTIVE_ARCH = YES;
				SDKROOT = iphoneos;
				SWIFT_OPTIMIZATION_LEVEL = "-Onone";
			};
			name = Debug;
		};
		42EAF14C1ADD7BC70030E0E0 /* Release */ = {
			isa = XCBuildConfiguration;
			buildSettings = {
				ALWAYS_SEARCH_USER_PATHS = NO;
				CLANG_CXX_LANGUAGE_STANDARD = "gnu++0x";
				CLANG_CXX_LIBRARY = "libc++";
				CLANG_ENABLE_MODULES = YES;
				CLANG_ENABLE_OBJC_ARC = YES;
				CLANG_WARN_BOOL_CONVERSION = YES;
				CLANG_WARN_CONSTANT_CONVERSION = YES;
				CLANG_WARN_DIRECT_OBJC_ISA_USAGE = YES_ERROR;
				CLANG_WARN_EMPTY_BODY = YES;
				CLANG_WARN_ENUM_CONVERSION = YES;
				CLANG_WARN_INT_CONVERSION = YES;
				CLANG_WARN_OBJC_ROOT_CLASS = YES_ERROR;
				CLANG_WARN_UNREACHABLE_CODE = YES;
				CLANG_WARN__DUPLICATE_METHOD_MATCH = YES;
				"CODE_SIGN_IDENTITY[sdk=iphoneos*]" = "iPhone Developer";
				COPY_PHASE_STRIP = NO;
				DEBUG_INFORMATION_FORMAT = "dwarf-with-dsym";
				ENABLE_NS_ASSERTIONS = NO;
				ENABLE_STRICT_OBJC_MSGSEND = YES;
				GCC_C_LANGUAGE_STANDARD = gnu99;
				GCC_NO_COMMON_BLOCKS = YES;
				GCC_WARN_64_TO_32_BIT_CONVERSION = YES;
				GCC_WARN_ABOUT_RETURN_TYPE = YES_ERROR;
				GCC_WARN_UNDECLARED_SELECTOR = YES;
				GCC_WARN_UNINITIALIZED_AUTOS = YES_AGGRESSIVE;
				GCC_WARN_UNUSED_FUNCTION = YES;
				GCC_WARN_UNUSED_VARIABLE = YES;
				IPHONEOS_DEPLOYMENT_TARGET = 8.3;
				MTL_ENABLE_DEBUG_INFO = NO;
				SDKROOT = iphoneos;
				VALIDATE_PRODUCT = YES;
			};
			name = Release;
		};
		42EAF14E1ADD7BC70030E0E0 /* Debug */ = {
			isa = XCBuildConfiguration;
			buildSettings = {
				ASSETCATALOG_COMPILER_APPICON_NAME = AppIcon;
				CODE_SIGN_IDENTITY = "iPhone Developer";
				INFOPLIST_FILE = iSuja/Info.plist;
				LD_RUNPATH_SEARCH_PATHS = "$(inherited) @executable_path/Frameworks";
				PRODUCT_NAME = "$(TARGET_NAME)";
			};
			name = Debug;
		};
		42EAF14F1ADD7BC70030E0E0 /* Release */ = {
			isa = XCBuildConfiguration;
			buildSettings = {
				ASSETCATALOG_COMPILER_APPICON_NAME = AppIcon;
				CODE_SIGN_IDENTITY = "iPhone Developer";
				INFOPLIST_FILE = iSuja/Info.plist;
				LD_RUNPATH_SEARCH_PATHS = "$(inherited) @executable_path/Frameworks";
				PRODUCT_NAME = "$(TARGET_NAME)";
			};
			name = Release;
		};
		42EAF1511ADD7BC70030E0E0 /* Debug */ = {
			isa = XCBuildConfiguration;
			buildSettings = {
				BUNDLE_LOADER = "$(TEST_HOST)";
				FRAMEWORK_SEARCH_PATHS = (
					"$(SDKROOT)/Developer/Library/Frameworks",
					"$(inherited)",
				);
				GCC_PREPROCESSOR_DEFINITIONS = (
					"DEBUG=1",
					"$(inherited)",
				);
				INFOPLIST_FILE = iSujaTests/Info.plist;
				LD_RUNPATH_SEARCH_PATHS = "$(inherited) @executable_path/Frameworks @loader_path/Frameworks";
				PRODUCT_NAME = "$(TARGET_NAME)";
				TEST_HOST = "$(BUILT_PRODUCTS_DIR)/iSuja.app/iSuja";
			};
			name = Debug;
		};
		42EAF1521ADD7BC70030E0E0 /* Release */ = {
			isa = XCBuildConfiguration;
			buildSettings = {
				BUNDLE_LOADER = "$(TEST_HOST)";
				FRAMEWORK_SEARCH_PATHS = (
					"$(SDKROOT)/Developer/Library/Frameworks",
					"$(inherited)",
				);
				INFOPLIST_FILE = iSujaTests/Info.plist;
				LD_RUNPATH_SEARCH_PATHS = "$(inherited) @executable_path/Frameworks @loader_path/Frameworks";
				PRODUCT_NAME = "$(TARGET_NAME)";
				TEST_HOST = "$(BUILT_PRODUCTS_DIR)/iSuja.app/iSuja";
			};
			name = Release;
		};
/* End XCBuildConfiguration section */

/* Begin XCConfigurationList section */
		42EAF1271ADD7BC70030E0E0 /* Build configuration list for PBXProject "iSuja" */ = {
			isa = XCConfigurationList;
			buildConfigurations = (
				42EAF14B1ADD7BC70030E0E0 /* Debug */,
				42EAF14C1ADD7BC70030E0E0 /* Release */,
			);
			defaultConfigurationIsVisible = 0;
			defaultConfigurationName = Release;
		};
		42EAF14D1ADD7BC70030E0E0 /* Build configuration list for PBXNativeTarget "iSuja" */ = {
			isa = XCConfigurationList;
			buildConfigurations = (
				42EAF14E1ADD7BC70030E0E0 /* Debug */,
				42EAF14F1ADD7BC70030E0E0 /* Release */,
			);
			defaultConfigurationIsVisible = 0;
			defaultConfigurationName = Release;
		};
		42EAF1501ADD7BC70030E0E0 /* Build configuration list for PBXNativeTarget "iSujaTests" */ = {
			isa = XCConfigurationList;
			buildConfigurations = (
				42EAF1511ADD7BC70030E0E0 /* Debug */,
				42EAF1521ADD7BC70030E0E0 /* Release */,
			);
			defaultConfigurationIsVisible = 0;
			defaultConfigurationName = Release;
		};
/* End XCConfigurationList section */
	};
	rootObject = 42EAF1241ADD7BC70030E0E0 /* Project object */;
}
